// !$*UTF8*$!
{
	archiveVersion = 1;
	classes = {
	};
	objectVersion = 50;
	objects = {

/* Begin PBXBuildFile section */
		6667497621AFC79A005340AC /* AppDelegate.swift in Sources */ = {isa = PBXBuildFile; fileRef = 6667497521AFC79A005340AC /* AppDelegate.swift */; };
		6667497B21AFC79A005340AC /* Main.storyboard in Resources */ = {isa = PBXBuildFile; fileRef = 6667497921AFC79A005340AC /* Main.storyboard */; };
		6667497D21AFC79B005340AC /* Assets.xcassets in Resources */ = {isa = PBXBuildFile; fileRef = 6667497C21AFC79B005340AC /* Assets.xcassets */; };
		6667498021AFC79B005340AC /* LaunchScreen.storyboard in Resources */ = {isa = PBXBuildFile; fileRef = 6667497E21AFC79B005340AC /* LaunchScreen.storyboard */; };
		6667498821AFCE96005340AC /* WeatherModel.swift in Sources */ = {isa = PBXBuildFile; fileRef = 6667498721AFCE96005340AC /* WeatherModel.swift */; };
		6667499021B229F5005340AC /* ViewController.swift in Sources */ = {isa = PBXBuildFile; fileRef = 6667498F21B229F5005340AC /* ViewController.swift */; };
		6667499221B22A0B005340AC /* SearchController.swift in Sources */ = {isa = PBXBuildFile; fileRef = 6667499121B22A0B005340AC /* SearchController.swift */; };
		6667499421B3BE19005340AC /* UserInput.swift in Sources */ = {isa = PBXBuildFile; fileRef = 6667499321B3BE19005340AC /* UserInput.swift */; };
		BAC8C42719D1AFB0DC659F0C /* Pods_TempNow.framework in Frameworks */ = {isa = PBXBuildFile; fileRef = 8EFEB698EECDC9197D891D35 /* Pods_TempNow.framework */; };
/* End PBXBuildFile section */

/* Begin PBXFileReference section */
		6667497221AFC79A005340AC /* TempNow.app */ = {isa = PBXFileReference; explicitFileType = wrapper.application; includeInIndex = 0; path = TempNow.app; sourceTree = BUILT_PRODUCTS_DIR; };
		6667497521AFC79A005340AC /* AppDelegate.swift */ = {isa = PBXFileReference; lastKnownFileType = sourcecode.swift; path = AppDelegate.swift; sourceTree = "<group>"; };
		6667497A21AFC79A005340AC /* Base */ = {isa = PBXFileReference; lastKnownFileType = file.storyboard; name = Base; path = Base.lproj/Main.storyboard; sourceTree = "<group>"; };
		6667497C21AFC79B005340AC /* Assets.xcassets */ = {isa = PBXFileReference; lastKnownFileType = folder.assetcatalog; path = Assets.xcassets; sourceTree = "<group>"; };
		6667497F21AFC79B005340AC /* Base */ = {isa = PBXFileReference; lastKnownFileType = file.storyboard; name = Base; path = Base.lproj/LaunchScreen.storyboard; sourceTree = "<group>"; };
		6667498121AFC79B005340AC /* Info.plist */ = {isa = PBXFileReference; lastKnownFileType = text.plist.xml; path = Info.plist; sourceTree = "<group>"; };
		6667498721AFCE96005340AC /* WeatherModel.swift */ = {isa = PBXFileReference; lastKnownFileType = sourcecode.swift; path = WeatherModel.swift; sourceTree = "<group>"; };
		6667498F21B229F5005340AC /* ViewController.swift */ = {isa = PBXFileReference; lastKnownFileType = sourcecode.swift; path = ViewController.swift; sourceTree = "<group>"; };
		6667499121B22A0B005340AC /* SearchController.swift */ = {isa = PBXFileReference; lastKnownFileType = sourcecode.swift; path = SearchController.swift; sourceTree = "<group>"; };
		6667499321B3BE19005340AC /* UserInput.swift */ = {isa = PBXFileReference; lastKnownFileType = sourcecode.swift; path = UserInput.swift; sourceTree = "<group>"; };
		8EFEB698EECDC9197D891D35 /* Pods_TempNow.framework */ = {isa = PBXFileReference; explicitFileType = wrapper.framework; includeInIndex = 0; path = Pods_TempNow.framework; sourceTree = BUILT_PRODUCTS_DIR; };
		A64C6CC7623E257977A4087A /* Pods-TempNow.debug.xcconfig */ = {isa = PBXFileReference; includeInIndex = 1; lastKnownFileType = text.xcconfig; name = "Pods-TempNow.debug.xcconfig"; path = "Pods/Target Support Files/Pods-TempNow/Pods-TempNow.debug.xcconfig"; sourceTree = "<group>"; };
		BEF1C805879F7FC312013639 /* Pods-TempNow.release.xcconfig */ = {isa = PBXFileReference; includeInIndex = 1; lastKnownFileType = text.xcconfig; name = "Pods-TempNow.release.xcconfig"; path = "Pods/Target Support Files/Pods-TempNow/Pods-TempNow.release.xcconfig"; sourceTree = "<group>"; };
/* End PBXFileReference section */

/* Begin PBXFrameworksBuildPhase section */
		6667496F21AFC79A005340AC /* Frameworks */ = {
			isa = PBXFrameworksBuildPhase;
			buildActionMask = 2147483647;
			files = (
				BAC8C42719D1AFB0DC659F0C /* Pods_TempNow.framework in Frameworks */,
			);
			runOnlyForDeploymentPostprocessing = 0;
		};
/* End PBXFrameworksBuildPhase section */

/* Begin PBXGroup section */
		1924E01D60C3FAD86677ADC6 /* Frameworks */ = {
			isa = PBXGroup;
			children = (
				8EFEB698EECDC9197D891D35 /* Pods_TempNow.framework */,
			);
			name = Frameworks;
			sourceTree = "<group>";
		};
		6667496921AFC79A005340AC = {
			isa = PBXGroup;
			children = (
				6667497421AFC79A005340AC /* TempNow */,
				6667497321AFC79A005340AC /* Products */,
				E58CD32BD060C57C3423C85D /* Pods */,
				1924E01D60C3FAD86677ADC6 /* Frameworks */,
			);
			sourceTree = "<group>";
		};
		6667497321AFC79A005340AC /* Products */ = {
			isa = PBXGroup;
			children = (
				6667497221AFC79A005340AC /* TempNow.app */,
			);
			name = Products;
			sourceTree = "<group>";
		};
		6667497421AFC79A005340AC /* TempNow */ = {
			isa = PBXGroup;
			children = (
				6667497921AFC79A005340AC /* Main.storyboard */,
				6667497C21AFC79B005340AC /* Assets.xcassets */,
				6667497E21AFC79B005340AC /* LaunchScreen.storyboard */,
				6667498121AFC79B005340AC /* Info.plist */,
				6667497521AFC79A005340AC /* AppDelegate.swift */,
				6667498A21AFCEA6005340AC /* Controller */,
				6667498921AFCE9A005340AC /* Model */,
			);
			path = TempNow;
			sourceTree = "<group>";
		};
		6667498921AFCE9A005340AC /* Model */ = {
			isa = PBXGroup;
			children = (
				6667498721AFCE96005340AC /* WeatherModel.swift */,
				6667499321B3BE19005340AC /* UserInput.swift */,
			);
			path = Model;
			sourceTree = "<group>";
		};
		6667498A21AFCEA6005340AC /* Controller */ = {
			isa = PBXGroup;
			children = (
				6667498F21B229F5005340AC /* ViewController.swift */,
				6667499121B22A0B005340AC /* SearchController.swift */,
			);
			path = Controller;
			sourceTree = "<group>";
		};
		E58CD32BD060C57C3423C85D /* Pods */ = {
			isa = PBXGroup;
			children = (
				A64C6CC7623E257977A4087A /* Pods-TempNow.debug.xcconfig */,
				BEF1C805879F7FC312013639 /* Pods-TempNow.release.xcconfig */,
			);
			name = Pods;
			sourceTree = "<group>";
		};
/* End PBXGroup section */

/* Begin PBXNativeTarget section */
		6667497121AFC79A005340AC /* TempNow */ = {
			isa = PBXNativeTarget;
			buildConfigurationList = 6667498421AFC79B005340AC /* Build configuration list for PBXNativeTarget "TempNow" */;
			buildPhases = (
				1F1151411AC8A779967148D9 /* [CP] Check Pods Manifest.lock */,
				6667496E21AFC79A005340AC /* Sources */,
				6667496F21AFC79A005340AC /* Frameworks */,
				6667497021AFC79A005340AC /* Resources */,
				A4D18A69A8A2A6732F04804D /* [CP] Embed Pods Frameworks */,
			);
			buildRules = (
			);
			dependencies = (
			);
			name = TempNow;
			productName = TempNow;
			productReference = 6667497221AFC79A005340AC /* TempNow.app */;
			productType = "com.apple.product-type.application";
		};
/* End PBXNativeTarget section */

/* Begin PBXProject section */
		6667496A21AFC79A005340AC /* Project object */ = {
			isa = PBXProject;
			attributes = {
				LastSwiftUpdateCheck = 1010;
				LastUpgradeCheck = 1010;
				ORGANIZATIONNAME = "utopia incubator";
				TargetAttributes = {
					6667497121AFC79A005340AC = {
						CreatedOnToolsVersion = 10.1;
					};
				};
			};
			buildConfigurationList = 6667496D21AFC79A005340AC /* Build configuration list for PBXProject "TempNow" */;
			compatibilityVersion = "Xcode 9.3";
			developmentRegion = en;
			hasScannedForEncodings = 0;
			knownRegions = (
				en,
				Base,
			);
			mainGroup = 6667496921AFC79A005340AC;
			productRefGroup = 6667497321AFC79A005340AC /* Products */;
			projectDirPath = "";
			projectRoot = "";
			targets = (
				6667497121AFC79A005340AC /* TempNow */,
			);
		};
/* End PBXProject section */

/* Begin PBXResourcesBuildPhase section */
		6667497021AFC79A005340AC /* Resources */ = {
			isa = PBXResourcesBuildPhase;
			buildActionMask = 2147483647;
			files = (
				6667498021AFC79B005340AC /* LaunchScreen.storyboard in Resources */,
				6667497D21AFC79B005340AC /* Assets.xcassets in Resources */,
				6667497B21AFC79A005340AC /* Main.storyboard in Resources */,
			);
			runOnlyForDeploymentPostprocessing = 0;
		};
/* End PBXResourcesBuildPhase section */

/* Begin PBXShellScriptBuildPhase section */
		1F1151411AC8A779967148D9 /* [CP] Check Pods Manifest.lock */ = {
			isa = PBXShellScriptBuildPhase;
			buildActionMask = 2147483647;
			files = (
			);
			inputPaths = (
				"${PODS_PODFILE_DIR_PATH}/Podfile.lock",
				"${PODS_ROOT}/Manifest.lock",
			);
			name = "[CP] Check Pods Manifest.lock";
			outputPaths = (
				"$(DERIVED_FILE_DIR)/Pods-TempNow-checkManifestLockResult.txt",
			);
			runOnlyForDeploymentPostprocessing = 0;
			shellPath = /bin/sh;
			shellScript = "diff \"${PODS_PODFILE_DIR_PATH}/Podfile.lock\" \"${PODS_ROOT}/Manifest.lock\" > /dev/null\nif [ $? != 0 ] ; then\n    # print error to STDERR\n    echo \"error: The sandbox is not in sync with the Podfile.lock. Run 'pod install' or update your CocoaPods installation.\" >&2\n    exit 1\nfi\n# This output is used by Xcode 'outputs' to avoid re-running this script phase.\necho \"SUCCESS\" > \"${SCRIPT_OUTPUT_FILE_0}\"\n";
			showEnvVarsInLog = 0;
		};
		A4D18A69A8A2A6732F04804D /* [CP] Embed Pods Frameworks */ = {
			isa = PBXShellScriptBuildPhase;
			buildActionMask = 2147483647;
			files = (
			);
			inputPaths = (
				"${SRCROOT}/Pods/Target Support Files/Pods-TempNow/Pods-TempNow-frameworks.sh",
				"${BUILT_PRODUCTS_DIR}/Alamofire/Alamofire.framework",
				"${BUILT_PRODUCTS_DIR}/SVProgressHUD/SVProgressHUD.framework",
				"${BUILT_PRODUCTS_DIR}/SnapKit/SnapKit.framework",
				"${BUILT_PRODUCTS_DIR}/SwiftyJSON/SwiftyJSON.framework",
			);
			name = "[CP] Embed Pods Frameworks";
			outputPaths = (
				"${TARGET_BUILD_DIR}/${FRAMEWORKS_FOLDER_PATH}/Alamofire.framework",
				"${TARGET_BUILD_DIR}/${FRAMEWORKS_FOLDER_PATH}/SVProgressHUD.framework",
				"${TARGET_BUILD_DIR}/${FRAMEWORKS_FOLDER_PATH}/SnapKit.framework",
				"${TARGET_BUILD_DIR}/${FRAMEWORKS_FOLDER_PATH}/SwiftyJSON.framework",
			);
			runOnlyForDeploymentPostprocessing = 0;
			shellPath = /bin/sh;
			shellScript = "\"${SRCROOT}/Pods/Target Support Files/Pods-TempNow/Pods-TempNow-frameworks.sh\"\n";
			showEnvVarsInLog = 0;
		};
/* End PBXShellScriptBuildPhase section */

/* Begin PBXSourcesBuildPhase section */
		6667496E21AFC79A005340AC /* Sources */ = {
			isa = PBXSourcesBuildPhase;
			buildActionMask = 2147483647;
			files = (
				6667499421B3BE19005340AC /* UserInput.swift in Sources */,
				6667499021B229F5005340AC /* ViewController.swift in Sources */,
				6667498821AFCE96005340AC /* WeatherModel.swift in Sources */,
				6667497621AFC79A005340AC /* AppDelegate.swift in Sources */,
				6667499221B22A0B005340AC /* SearchController.swift in Sources */,
			);
			runOnlyForDeploymentPostprocessing = 0;
		};
/* End PBXSourcesBuildPhase section */

/* Begin PBXVariantGroup section */
		6667497921AFC79A005340AC /* Main.storyboard */ = {
			isa = PBXVariantGroup;
			children = (
				6667497A21AFC79A005340AC /* Base */,
			);
			name = Main.storyboard;
			sourceTree = "<group>";
		};
		6667497E21AFC79B005340AC /* LaunchScreen.storyboard */ = {
			isa = PBXVariantGroup;
			children = (
				6667497F21AFC79B005340AC /* Base */,
			);
			name = LaunchScreen.storyboard;
			sourceTree = "<group>";
		};
/* End PBXVariantGroup section */

/* Begin XCBuildConfiguration section */
		6667498221AFC79B005340AC /* Debug */ = {
			isa = XCBuildConfiguration;
			buildSettings = {
				ALWAYS_SEARCH_USER_PATHS = NO;
				CLANG_ANALYZER_NONNULL = YES;
				CLANG_ANALYZER_NUMBER_OBJECT_CONVERSION = YES_AGGRESSIVE;
				CLANG_CXX_LANGUAGE_STANDARD = "gnu++14";
				CLANG_CXX_LIBRARY = "libc++";
				CLANG_ENABLE_MODULES = YES;
				CLANG_ENABLE_OBJC_ARC = YES;
				CLANG_ENABLE_OBJC_WEAK = YES;
				CLANG_WARN_BLOCK_CAPTURE_AUTORELEASING = YES;
				CLANG_WARN_BOOL_CONVERSION = YES;
				CLANG_WARN_COMMA = YES;
				CLANG_WARN_CONSTANT_CONVERSION = YES;
				CLANG_WARN_DEPRECATED_OBJC_IMPLEMENTATIONS = YES;
				CLANG_WARN_DIRECT_OBJC_ISA_USAGE = YES_ERROR;
				CLANG_WARN_DOCUMENTATION_COMMENTS = YES;
				CLANG_WARN_EMPTY_BODY = YES;
				CLANG_WARN_ENUM_CONVERSION = YES;
				CLANG_WARN_INFINITE_RECURSION = YES;
				CLANG_WARN_INT_CONVERSION = YES;
				CLANG_WARN_NON_LITERAL_NULL_CONVERSION = YES;
				CLANG_WARN_OBJC_IMPLICIT_RETAIN_SELF = YES;
				CLANG_WARN_OBJC_LITERAL_CONVERSION = YES;
				CLANG_WARN_OBJC_ROOT_CLASS = YES_ERROR;
				CLANG_WARN_RANGE_LOOP_ANALYSIS = YES;
				CLANG_WARN_STRICT_PROTOTYPES = YES;
				CLANG_WARN_SUSPICIOUS_MOVE = YES;
				CLANG_WARN_UNGUARDED_AVAILABILITY = YES_AGGRESSIVE;
				CLANG_WARN_UNREACHABLE_CODE = YES;
				CLANG_WARN__DUPLICATE_METHOD_MATCH = YES;
				CODE_SIGN_IDENTITY = "iPhone Developer";
				COPY_PHASE_STRIP = NO;
				DEBUG_INFORMATION_FORMAT = dwarf;
				ENABLE_STRICT_OBJC_MSGSEND = YES;
				ENABLE_TESTABILITY = YES;
				GCC_C_LANGUAGE_STANDARD = gnu11;
				GCC_DYNAMIC_NO_PIC = NO;
				GCC_NO_COMMON_BLOCKS = YES;
				GCC_OPTIMIZATION_LEVEL = 0;
				GCC_PREPROCESSOR_DEFINITIONS = (
					"DEBUG=1",
					"$(inherited)",
				);
				GCC_WARN_64_TO_32_BIT_CONVERSION = YES;
				GCC_WARN_ABOUT_RETURN_TYPE = YES_ERROR;
				GCC_WARN_UNDECLARED_SELECTOR = YES;
				GCC_WARN_UNINITIALIZED_AUTOS = YES_AGGRESSIVE;
				GCC_WARN_UNUSED_FUNCTION = YES;
				GCC_WARN_UNUSED_VARIABLE = YES;
				IPHONEOS_DEPLOYMENT_TARGET = 12.1;
				MTL_ENABLE_DEBUG_INFO = INCLUDE_SOURCE;
				MTL_FAST_MATH = YES;
				ONLY_ACTIVE_ARCH = YES;
				SDKROOT = iphoneos;
				SWIFT_ACTIVE_COMPILATION_CONDITIONS = DEBUG;
				SWIFT_OPTIMIZATION_LEVEL = "-Onone";
			};
			name = Debug;
		};
		6667498321AFC79B005340AC /* Release */ = {
			isa = XCBuildConfiguration;
			buildSettings = {
				ALWAYS_SEARCH_USER_PATHS = NO;
				CLANG_ANALYZER_NONNULL = YES;
				CLANG_ANALYZER_NUMBER_OBJECT_CONVERSION = YES_AGGRESSIVE;
				CLANG_CXX_LANGUAGE_STANDARD = "gnu++14";
				CLANG_CXX_LIBRARY = "libc++";
				CLANG_ENABLE_MODULES = YES;
				CLANG_ENABLE_OBJC_ARC = YES;
				CLANG_ENABLE_OBJC_WEAK = YES;
				CLANG_WARN_BLOCK_CAPTURE_AUTORELEASING = YES;
				CLANG_WARN_BOOL_CONVERSION = YES;
				CLANG_WARN_COMMA = YES;
				CLANG_WARN_CONSTANT_CONVERSION = YES;
				CLANG_WARN_DEPRECATED_OBJC_IMPLEMENTATIONS = YES;
				CLANG_WARN_DIRECT_OBJC_ISA_USAGE = YES_ERROR;
				CLANG_WARN_DOCUMENTATION_COMMENTS = YES;
				CLANG_WARN_EMPTY_BODY = YES;
				CLANG_WARN_ENUM_CONVERSION = YES;
				CLANG_WARN_INFINITE_RECURSION = YES;
				CLANG_WARN_INT_CONVERSION = YES;
				CLANG_WARN_NON_LITERAL_NULL_CONVERSION = YES;
				CLANG_WARN_OBJC_IMPLICIT_RETAIN_SELF = YES;
				CLANG_WARN_OBJC_LITERAL_CONVERSION = YES;
				CLANG_WARN_OBJC_ROOT_CLASS = YES_ERROR;
				CLANG_WARN_RANGE_LOOP_ANALYSIS = YES;
				CLANG_WARN_STRICT_PROTOTYPES = YES;
				CLANG_WARN_SUSPICIOUS_MOVE = YES;
				CLANG_WARN_UNGUARDED_AVAILABILITY = YES_AGGRESSIVE;
				CLANG_WARN_UNREACHABLE_CODE = YES;
				CLANG_WARN__DUPLICATE_METHOD_MATCH = YES;
				CODE_SIGN_IDENTITY = "iPhone Developer";
				COPY_PHASE_STRIP = NO;
				DEBUG_INFORMATION_FORMAT = "dwarf-with-dsym";
				ENABLE_NS_ASSERTIONS = NO;
				ENABLE_STRICT_OBJC_MSGSEND = YES;
				GCC_C_LANGUAGE_STANDARD = gnu11;
				GCC_NO_COMMON_BLOCKS = YES;
				GCC_WARN_64_TO_32_BIT_CONVERSION = YES;
				GCC_WARN_ABOUT_RETURN_TYPE = YES_ERROR;
				GCC_WARN_UNDECLARED_SELECTOR = YES;
				GCC_WARN_UNINITIALIZED_AUTOS = YES_AGGRESSIVE;
				GCC_WARN_UNUSED_FUNCTION = YES;
				GCC_WARN_UNUSED_VARIABLE = YES;
				IPHONEOS_DEPLOYMENT_TARGET = 12.1;
				MTL_ENABLE_DEBUG_INFO = NO;
				MTL_FAST_MATH = YES;
				SDKROOT = iphoneos;
				SWIFT_COMPILATION_MODE = wholemodule;
				SWIFT_OPTIMIZATION_LEVEL = "-O";
				VALIDATE_PRODUCT = YES;
			};
			name = Release;
		};
		6667498521AFC79B005340AC /* Debug */ = {
			isa = XCBuildConfiguration;
			baseConfigurationReference = A64C6CC7623E257977A4087A /* Pods-TempNow.debug.xcconfig */;
			buildSettings = {
				ASSETCATALOG_COMPILER_APPICON_NAME = AppIcon;
				CODE_SIGN_STYLE = Automatic;
				DEVELOPMENT_TEAM = 3434CZ5U2F;
				INFOPLIST_FILE = TempNow/Info.plist;
				IPHONEOS_DEPLOYMENT_TARGET = 12.0;
				LD_RUNPATH_SEARCH_PATHS = (
					"$(inherited)",
					"@executable_path/Frameworks",
				);
				PRODUCT_BUNDLE_IDENTIFIER = "utopia-incubator.TempNow";
				PRODUCT_NAME = "$(TARGET_NAME)";
				SWIFT_VERSION = 4.2;
				TARGETED_DEVICE_FAMILY = "1,2";
			};
			name = Debug;
		};
		6667498621AFC79B005340AC /* Release */ = {
			isa = XCBuildConfiguration;
			baseConfigurationReference = BEF1C805879F7FC312013639 /* Pods-TempNow.release.xcconfig */;
			buildSettings = {
				ASSETCATALOG_COMPILER_APPICON_NAME = AppIcon;
				CODE_SIGN_STYLE = Automatic;
				DEVELOPMENT_TEAM = 3434CZ5U2F;
				INFOPLIST_FILE = TempNow/Info.plist;
				IPHONEOS_DEPLOYMENT_TARGET = 12.0;
				LD_RUNPATH_SEARCH_PATHS = (
					"$(inherited)",
					"@executable_path/Frameworks",
				);
				PRODUCT_BUNDLE_IDENTIFIER = "utopia-incubator.TempNow";
				PRODUCT_NAME = "$(TARGET_NAME)";
				SWIFT_VERSION = 4.2;
				TARGETED_DEVICE_FAMILY = "1,2";
			};
			name = Release;
		};
/* End XCBuildConfiguration section */

/* Begin XCConfigurationList section */
		6667496D21AFC79A005340AC /* Build configuration list for PBXProject "TempNow" */ = {
			isa = XCConfigurationList;
			buildConfigurations = (
				6667498221AFC79B005340AC /* Debug */,
				6667498321AFC79B005340AC /* Release */,
			);
			defaultConfigurationIsVisible = 0;
			defaultConfigurationName = Release;
		};
		6667498421AFC79B005340AC /* Build configuration list for PBXNativeTarget "TempNow" */ = {
			isa = XCConfigurationList;
			buildConfigurations = (
				6667498521AFC79B005340AC /* Debug */,
				6667498621AFC79B005340AC /* Release */,
			);
			defaultConfigurationIsVisible = 0;
			defaultConfigurationName = Release;
		};
/* End XCConfigurationList section */
	};
	rootObject = 6667496A21AFC79A005340AC /* Project object */;
}
